
Microsoft Visual Studio Solution File, Format Version 12.00
# Visual Studio 15
VisualStudioVersion = 15.0.26124.0
MinimumVisualStudioVersion = 15.0.26124.0
Project("{2150E333-8FDC-42A3-9474-1A3956D46DE8}") = "src", "src", "{827E0CD3-B72D-47B6-A68D-7590B98EB39B}"
EndProject
Project("{FAE04EC0-301F-11D3-BF4B-00C04F79EFBC}") = "DnsDefender.Common", "src\DnsDefender.Common\DnsDefender.Common.csproj", "{0EC09FD8-23E1-474E-993E-DD299E5AA501}"
EndProject
Project("{FAE04EC0-301F-11D3-BF4B-00C04F79EFBC}") = "DnsDefender.Collector", "src\DnsDefender.Collector\DnsDefender.Collector.csproj", "{CE6D6730-D93C-49A1-9DA3-599CFB346AC3}"
EndProject
Project("{FAE04EC0-301F-11D3-BF4B-00C04F79EFBC}") = "DnsDefender.UI", "src\DnsDefender.UI\DnsDefender.UI.csproj", "{C08100BE-A363-43DC-A466-D5180D737147}"
EndProject
Project("{2150E333-8FDC-42A3-9474-1A3956D46DE8}") = "tests", "tests", "{0AB3BF05-4346-4AA6-1389-037BE0695223}"
EndProject
Project("{FAE04EC0-301F-11D3-BF4B-00C04F79EFBC}") = "DnsDefender.Collector.Tests", "tests\DnsDefender.Collector.Tests\DnsDefender.Collector.Tests.csproj", "{BDD6EF6D-5165-4582-B428-6BCDB16AE7D1}"
EndProject
Global
	GlobalSection(SolutionConfigurationPlatforms) = preSolution
		Debug|Any CPU = Debug|Any CPU
		Debug|x64 = Debug|x64
		Debug|x86 = Debug|x86
		Release|Any CPU = Release|Any CPU
		Release|x64 = Release|x64
		Release|x86 = Release|x86
	EndGlobalSection
	GlobalSection(ProjectConfigurationPlatforms) = postSolution
		{0EC09FD8-23E1-474E-993E-DD299E5AA501}.Debug|Any CPU.ActiveCfg = Debug|Any CPU
		{0EC09FD8-23E1-474E-993E-DD299E5AA501}.Debug|Any CPU.Build.0 = Debug|Any CPU
		{0EC09FD8-23E1-474E-993E-DD299E5AA501}.Debug|x64.ActiveCfg = Debug|Any CPU
		{0EC09FD8-23E1-474E-993E-DD299E5AA501}.Debug|x64.Build.0 = Debug|Any CPU
		{0EC09FD8-23E1-474E-993E-DD299E5AA501}.Debug|x86.ActiveCfg = Debug|Any CPU
		{0EC09FD8-23E1-474E-993E-DD299E5AA501}.Debug|x86.Build.0 = Debug|Any CPU
		{0EC09FD8-23E1-474E-993E-DD299E5AA501}.Release|Any CPU.ActiveCfg = Release|Any CPU
		{0EC09FD8-23E1-474E-993E-DD299E5AA501}.Release|Any CPU.Build.0 = Release|Any CPU
		{0EC09FD8-23E1-474E-993E-DD299E5AA501}.Release|x64.ActiveCfg = Release|Any CPU
		{0EC09FD8-23E1-474E-993E-DD299E5AA501}.Release|x64.Build.0 = Release|Any CPU
		{0EC09FD8-23E1-474E-993E-DD299E5AA501}.Release|x86.ActiveCfg = Release|Any CPU
		{0EC09FD8-23E1-474E-993E-DD299E5AA501}.Release|x86.Build.0 = Release|Any CPU
		{CE6D6730-D93C-49A1-9DA3-599CFB346AC3}.Debug|Any CPU.ActiveCfg = Debug|Any CPU
		{CE6D6730-D93C-49A1-9DA3-599CFB346AC3}.Debug|Any CPU.Build.0 = Debug|Any CPU
		{CE6D6730-D93C-49A1-9DA3-599CFB346AC3}.Debug|x64.ActiveCfg = Debug|Any CPU
		{CE6D6730-D93C-49A1-9DA3-599CFB346AC3}.Debug|x64.Build.0 = Debug|Any CPU
		{CE6D6730-D93C-49A1-9DA3-599CFB346AC3}.Debug|x86.ActiveCfg = Debug|Any CPU
		{CE6D6730-D93C-49A1-9DA3-599CFB346AC3}.Debug|x86.Build.0 = Debug|Any CPU
		{CE6D6730-D93C-49A1-9DA3-599CFB346AC3}.Release|Any CPU.ActiveCfg = Release|Any CPU
		{CE6D6730-D93C-49A1-9DA3-599CFB346AC3}.Release|Any CPU.Build.0 = Release|Any CPU
		{CE6D6730-D93C-49A1-9DA3-599CFB346AC3}.Release|x64.ActiveCfg = Release|Any CPU
		{CE6D6730-D93C-49A1-9DA3-599CFB346AC3}.Release|x64.Build.0 = Release|Any CPU
		{CE6D6730-D93C-49A1-9DA3-599CFB346AC3}.Release|x86.ActiveCfg = Release|Any CPU
		{CE6D6730-D93C-49A1-9DA3-599CFB346AC3}.Release|x86.Build.0 = Release|Any CPU
		{C08100BE-A363-43DC-A466-D5180D737147}.Debug|Any CPU.ActiveCfg = Debug|Any CPU
		{C08100BE-A363-43DC-A466-D5180D737147}.Debug|Any CPU.Build.0 = Debug|Any CPU
		{C08100BE-A363-43DC-A466-D5180D737147}.Debug|x64.ActiveCfg = Debug|Any CPU
		{C08100BE-A363-43DC-A466-D5180D737147}.Debug|x64.Build.0 = Debug|Any CPU
		{C08100BE-A363-43DC-A466-D5180D737147}.Debug|x86.ActiveCfg = Debug|Any CPU
		{C08100BE-A363-43DC-A466-D5180D737147}.Debug|x86.Build.0 = Debug|Any CPU
		{C08100BE-A363-43DC-A466-D5180D737147}.Release|Any CPU.ActiveCfg = Release|Any CPU
		{C08100BE-A363-43DC-A466-D5180D737147}.Release|Any CPU.Build.0 = Release|Any CPU
		{C08100BE-A363-43DC-A466-D5180D737147}.Release|x64.ActiveCfg = Release|Any CPU
		{C08100BE-A363-43DC-A466-D5180D737147}.Release|x64.Build.0 = Release|Any CPU
		{C08100BE-A363-43DC-A466-D5180D737147}.Release|x86.ActiveCfg = Release|Any CPU
		{C08100BE-A363-43DC-A466-D5180D737147}.Release|x86.Build.0 = Release|Any CPU
		{BDD6EF6D-5165-4582-B428-6BCDB16AE7D1}.Debug|Any CPU.ActiveCfg = Debug|Any CPU
		{BDD6EF6D-5165-4582-B428-6BCDB16AE7D1}.Debug|Any CPU.Build.0 = Debug|Any CPU
		{BDD6EF6D-5165-4582-B428-6BCDB16AE7D1}.Debug|x64.ActiveCfg = Debug|Any CPU
		{BDD6EF6D-5165-4582-B428-6BCDB16AE7D1}.Debug|x64.Build.0 = Debug|Any CPU
		{BDD6EF6D-5165-4582-B428-6BCDB16AE7D1}.Debug|x86.ActiveCfg = Debug|Any CPU
		{BDD6EF6D-5165-4582-B428-6BCDB16AE7D1}.Debug|x86.Build.0 = Debug|Any CPU
		{BDD6EF6D-5165-4582-B428-6BCDB16AE7D1}.Release|Any CPU.ActiveCfg = Release|Any CPU
		{BDD6EF6D-5165-4582-B428-6BCDB16AE7D1}.Release|Any CPU.Build.0 = Release|Any CPU
		{BDD6EF6D-5165-4582-B428-6BCDB16AE7D1}.Release|x64.ActiveCfg = Release|Any CPU
		{BDD6EF6D-5165-4582-B428-6BCDB16AE7D1}.Release|x64.Build.0 = Release|Any CPU
		{BDD6EF6D-5165-4582-B428-6BCDB16AE7D1}.Release|x86.ActiveCfg = Release|Any CPU
		{BDD6EF6D-5165-4582-B428-6BCDB16AE7D1}.Release|x86.Build.0 = Release|Any CPU
	EndGlobalSection
	GlobalSection(SolutionProperties) = preSolution
		HideSolutionNode = FALSE
	EndGlobalSection
	GlobalSection(NestedProjects) = preSolution
		{0EC09FD8-23E1-474E-993E-DD299E5AA501} = {827E0CD3-B72D-47B6-A68D-7590B98EB39B}
		{CE6D6730-D93C-49A1-9DA3-599CFB346AC3} = {827E0CD3-B72D-47B6-A68D-7590B98EB39B}
		{C08100BE-A363-43DC-A466-D5180D737147} = {827E0CD3-B72D-47B6-A68D-7590B98EB39B}
		{BDD6EF6D-5165-4582-B428-6BCDB16AE7D1} = {0AB3BF05-4346-4AA6-1389-037BE0695223}
	EndGlobalSection
EndGlobal
